
Microsoft Visual Studio Solution File, Format Version 12.00
# Visual Studio Version 16
VisualStudioVersion = 16.0.30523.141
MinimumVisualStudioVersion = 15.0.26124.0
Project("{2150E333-8FDC-42A3-9474-1A3956D46DE8}") = "src", "src", "{750F32A9-8BA4-473D-BA2D-53A840B5FEDE}"
EndProject
Project("{9A19103F-16F7-4668-BE54-9A1E7A4F7556}") = "SDDBackend", "src\SDDBackend\SDDBackend.csproj", "{23D291B0-3D2D-4489-9554-8AF3BA0B2194}"
EndProject
Project("{2150E333-8FDC-42A3-9474-1A3956D46DE8}") = "test", "test", "{2A44261B-65C8-44A6-B9AA-56E613F398A5}"
EndProject
Project("{9A19103F-16F7-4668-BE54-9A1E7A4F7556}") = "SDDBackend.Tests", "test\SDDBackend.Tests\SDDBackend.Tests.csproj", "{987912BB-D903-4DB3-8BC4-78CD3B7C7A4C}"
EndProject
Project("{FAE04EC0-301F-11D3-BF4B-00C04F79EFBC}") = "SDDBackend.Integration.Tests", "test\SDDBackend.Integration.Tests\SDDBackend.Integration.Tests.csproj", "{6382972B-4D31-4227-BF8D-D7627891E2E5}"
EndProject
Global
	GlobalSection(SolutionConfigurationPlatforms) = preSolution
		Debug|Any CPU = Debug|Any CPU
		Debug|x64 = Debug|x64
		Debug|x86 = Debug|x86
		Release|Any CPU = Release|Any CPU
		Release|x64 = Release|x64
		Release|x86 = Release|x86
	EndGlobalSection
	GlobalSection(ProjectConfigurationPlatforms) = postSolution
		{23D291B0-3D2D-4489-9554-8AF3BA0B2194}.Debug|Any CPU.ActiveCfg = Debug|Any CPU
		{23D291B0-3D2D-4489-9554-8AF3BA0B2194}.Debug|Any CPU.Build.0 = Debug|Any CPU
		{23D291B0-3D2D-4489-9554-8AF3BA0B2194}.Debug|x64.ActiveCfg = Debug|Any CPU
		{23D291B0-3D2D-4489-9554-8AF3BA0B2194}.Debug|x64.Build.0 = Debug|Any CPU
		{23D291B0-3D2D-4489-9554-8AF3BA0B2194}.Debug|x86.ActiveCfg = Debug|Any CPU
		{23D291B0-3D2D-4489-9554-8AF3BA0B2194}.Debug|x86.Build.0 = Debug|Any CPU
		{23D291B0-3D2D-4489-9554-8AF3BA0B2194}.Release|Any CPU.ActiveCfg = Release|Any CPU
		{23D291B0-3D2D-4489-9554-8AF3BA0B2194}.Release|Any CPU.Build.0 = Release|Any CPU
		{23D291B0-3D2D-4489-9554-8AF3BA0B2194}.Release|x64.ActiveCfg = Release|Any CPU
		{23D291B0-3D2D-4489-9554-8AF3BA0B2194}.Release|x64.Build.0 = Release|Any CPU
		{23D291B0-3D2D-4489-9554-8AF3BA0B2194}.Release|x86.ActiveCfg = Release|Any CPU
		{23D291B0-3D2D-4489-9554-8AF3BA0B2194}.Release|x86.Build.0 = Release|Any CPU
		{987912BB-D903-4DB3-8BC4-78CD3B7C7A4C}.Debug|Any CPU.ActiveCfg = Debug|Any CPU
		{987912BB-D903-4DB3-8BC4-78CD3B7C7A4C}.Debug|Any CPU.Build.0 = Debug|Any CPU
		{987912BB-D903-4DB3-8BC4-78CD3B7C7A4C}.Debug|x64.ActiveCfg = Debug|Any CPU
		{987912BB-D903-4DB3-8BC4-78CD3B7C7A4C}.Debug|x64.Build.0 = Debug|Any CPU
		{987912BB-D903-4DB3-8BC4-78CD3B7C7A4C}.Debug|x86.ActiveCfg = Debug|Any CPU
		{987912BB-D903-4DB3-8BC4-78CD3B7C7A4C}.Debug|x86.Build.0 = Debug|Any CPU
		{987912BB-D903-4DB3-8BC4-78CD3B7C7A4C}.Release|Any CPU.ActiveCfg = Release|Any CPU
		{987912BB-D903-4DB3-8BC4-78CD3B7C7A4C}.Release|Any CPU.Build.0 = Release|Any CPU
		{987912BB-D903-4DB3-8BC4-78CD3B7C7A4C}.Release|x64.ActiveCfg = Release|Any CPU
		{987912BB-D903-4DB3-8BC4-78CD3B7C7A4C}.Release|x64.Build.0 = Release|Any CPU
		{987912BB-D903-4DB3-8BC4-78CD3B7C7A4C}.Release|x86.ActiveCfg = Release|Any CPU
		{987912BB-D903-4DB3-8BC4-78CD3B7C7A4C}.Release|x86.Build.0 = Release|Any CPU
		{6382972B-4D31-4227-BF8D-D7627891E2E5}.Debug|Any CPU.ActiveCfg = Debug|Any CPU
		{6382972B-4D31-4227-BF8D-D7627891E2E5}.Debug|Any CPU.Build.0 = Debug|Any CPU
		{6382972B-4D31-4227-BF8D-D7627891E2E5}.Debug|x64.ActiveCfg = Debug|Any CPU
		{6382972B-4D31-4227-BF8D-D7627891E2E5}.Debug|x64.Build.0 = Debug|Any CPU
		{6382972B-4D31-4227-BF8D-D7627891E2E5}.Debug|x86.ActiveCfg = Debug|Any CPU
		{6382972B-4D31-4227-BF8D-D7627891E2E5}.Debug|x86.Build.0 = Debug|Any CPU
		{6382972B-4D31-4227-BF8D-D7627891E2E5}.Release|Any CPU.ActiveCfg = Release|Any CPU
		{6382972B-4D31-4227-BF8D-D7627891E2E5}.Release|Any CPU.Build.0 = Release|Any CPU
		{6382972B-4D31-4227-BF8D-D7627891E2E5}.Release|x64.ActiveCfg = Release|Any CPU
		{6382972B-4D31-4227-BF8D-D7627891E2E5}.Release|x64.Build.0 = Release|Any CPU
		{6382972B-4D31-4227-BF8D-D7627891E2E5}.Release|x86.ActiveCfg = Release|Any CPU
		{6382972B-4D31-4227-BF8D-D7627891E2E5}.Release|x86.Build.0 = Release|Any CPU
	EndGlobalSection
	GlobalSection(SolutionProperties) = preSolution
		HideSolutionNode = FALSE
	EndGlobalSection
	GlobalSection(NestedProjects) = preSolution
		{23D291B0-3D2D-4489-9554-8AF3BA0B2194} = {750F32A9-8BA4-473D-BA2D-53A840B5FEDE}
		{987912BB-D903-4DB3-8BC4-78CD3B7C7A4C} = {2A44261B-65C8-44A6-B9AA-56E613F398A5}
		{6382972B-4D31-4227-BF8D-D7627891E2E5} = {2A44261B-65C8-44A6-B9AA-56E613F398A5}
	EndGlobalSection
	GlobalSection(ExtensibilityGlobals) = postSolution
		SolutionGuid = {87C504CC-1753-45BC-AD56-4DE7203535D0}
	EndGlobalSection
EndGlobal
